// !$*UTF8*$!
{
	archiveVersion = 1;
	classes = {
	};
	objectVersion = 56;
	objects = {

/* Begin PBXBuildFile section */
		AC6F83DA2A6D8B26008A876E /* Operation.swift in Sources */ = {isa = PBXBuildFile; fileRef = AC6F83D92A6D8B26008A876E /* Operation.swift */; };
		AC6F83DD2A6D8C83008A876E /* CustomButton.swift in Sources */ = {isa = PBXBuildFile; fileRef = AC6F83DC2A6D8C83008A876E /* CustomButton.swift */; };
		ACB6C43B2A62AADD00BB19BD /* .gitignore in Resources */ = {isa = PBXBuildFile; fileRef = ACB6C43A2A62AADD00BB19BD /* .gitignore */; };
		ACE07F562A56EAC1008117C5 /* AppDelegate.swift in Sources */ = {isa = PBXBuildFile; fileRef = ACE07F552A56EAC1008117C5 /* AppDelegate.swift */; };
		ACE07F582A56EAC1008117C5 /* SceneDelegate.swift in Sources */ = {isa = PBXBuildFile; fileRef = ACE07F572A56EAC1008117C5 /* SceneDelegate.swift */; };
		ACE07F5A2A56EAC1008117C5 /* ViewController.swift in Sources */ = {isa = PBXBuildFile; fileRef = ACE07F592A56EAC1008117C5 /* ViewController.swift */; };
		ACE07F5D2A56EAC1008117C5 /* Main.storyboard in Resources */ = {isa = PBXBuildFile; fileRef = ACE07F5B2A56EAC1008117C5 /* Main.storyboard */; };
		ACE07F5F2A56EAC3008117C5 /* Assets.xcassets in Resources */ = {isa = PBXBuildFile; fileRef = ACE07F5E2A56EAC3008117C5 /* Assets.xcassets */; };
		ACE07F622A56EAC3008117C5 /* LaunchScreen.storyboard in Resources */ = {isa = PBXBuildFile; fileRef = ACE07F602A56EAC3008117C5 /* LaunchScreen.storyboard */; };
		ACE07F6D2A56EAC4008117C5 /* CalculatorTests.swift in Sources */ = {isa = PBXBuildFile; fileRef = ACE07F6C2A56EAC4008117C5 /* CalculatorTests.swift */; };
		ACE07F772A56EAC4008117C5 /* CalculatorUITests.swift in Sources */ = {isa = PBXBuildFile; fileRef = ACE07F762A56EAC4008117C5 /* CalculatorUITests.swift */; };
		ACE07F792A56EAC4008117C5 /* CalculatorUITestsLaunchTests.swift in Sources */ = {isa = PBXBuildFile; fileRef = ACE07F782A56EAC4008117C5 /* CalculatorUITestsLaunchTests.swift */; };
/* End PBXBuildFile section */

/* Begin PBXContainerItemProxy section */
		ACE07F692A56EAC4008117C5 /* PBXContainerItemProxy */ = {
			isa = PBXContainerItemProxy;
			containerPortal = ACE07F4A2A56EAC1008117C5 /* Project object */;
			proxyType = 1;
			remoteGlobalIDString = ACE07F512A56EAC1008117C5;
			remoteInfo = Calculator;
		};
		ACE07F732A56EAC4008117C5 /* PBXContainerItemProxy */ = {
			isa = PBXContainerItemProxy;
			containerPortal = ACE07F4A2A56EAC1008117C5 /* Project object */;
			proxyType = 1;
			remoteGlobalIDString = ACE07F512A56EAC1008117C5;
			remoteInfo = Calculator;
		};
/* End PBXContainerItemProxy section */

/* Begin PBXFileReference section */
		AC6F83D92A6D8B26008A876E /* Operation.swift */ = {isa = PBXFileReference; lastKnownFileType = sourcecode.swift; path = Operation.swift; sourceTree = "<group>"; };
		AC6F83DC2A6D8C83008A876E /* CustomButton.swift */ = {isa = PBXFileReference; lastKnownFileType = sourcecode.swift; path = CustomButton.swift; sourceTree = "<group>"; };
		ACB6C43A2A62AADD00BB19BD /* .gitignore */ = {isa = PBXFileReference; lastKnownFileType = text; path = .gitignore; sourceTree = "<group>"; };
		ACE07F522A56EAC1008117C5 /* Calculator.app */ = {isa = PBXFileReference; explicitFileType = wrapper.application; includeInIndex = 0; path = Calculator.app; sourceTree = BUILT_PRODUCTS_DIR; };
		ACE07F552A56EAC1008117C5 /* AppDelegate.swift */ = {isa = PBXFileReference; lastKnownFileType = sourcecode.swift; path = AppDelegate.swift; sourceTree = "<group>"; };
		ACE07F572A56EAC1008117C5 /* SceneDelegate.swift */ = {isa = PBXFileReference; lastKnownFileType = sourcecode.swift; path = SceneDelegate.swift; sourceTree = "<group>"; };
		ACE07F592A56EAC1008117C5 /* ViewController.swift */ = {isa = PBXFileReference; lastKnownFileType = sourcecode.swift; path = ViewController.swift; sourceTree = "<group>"; };
		ACE07F5C2A56EAC1008117C5 /* Base */ = {isa = PBXFileReference; lastKnownFileType = file.storyboard; name = Base; path = Base.lproj/Main.storyboard; sourceTree = "<group>"; };
		ACE07F5E2A56EAC3008117C5 /* Assets.xcassets */ = {isa = PBXFileReference; lastKnownFileType = folder.assetcatalog; path = Assets.xcassets; sourceTree = "<group>"; };
		ACE07F612A56EAC3008117C5 /* Base */ = {isa = PBXFileReference; lastKnownFileType = file.storyboard; name = Base; path = Base.lproj/LaunchScreen.storyboard; sourceTree = "<group>"; };
		ACE07F632A56EAC3008117C5 /* Info.plist */ = {isa = PBXFileReference; lastKnownFileType = text.plist.xml; path = Info.plist; sourceTree = "<group>"; };
		ACE07F682A56EAC4008117C5 /* CalculatorTests.xctest */ = {isa = PBXFileReference; explicitFileType = wrapper.cfbundle; includeInIndex = 0; path = CalculatorTests.xctest; sourceTree = BUILT_PRODUCTS_DIR; };
		ACE07F6C2A56EAC4008117C5 /* CalculatorTests.swift */ = {isa = PBXFileReference; lastKnownFileType = sourcecode.swift; path = CalculatorTests.swift; sourceTree = "<group>"; };
		ACE07F722A56EAC4008117C5 /* CalculatorUITests.xctest */ = {isa = PBXFileReference; explicitFileType = wrapper.cfbundle; includeInIndex = 0; path = CalculatorUITests.xctest; sourceTree = BUILT_PRODUCTS_DIR; };
		ACE07F762A56EAC4008117C5 /* CalculatorUITests.swift */ = {isa = PBXFileReference; lastKnownFileType = sourcecode.swift; path = CalculatorUITests.swift; sourceTree = "<group>"; };
		ACE07F782A56EAC4008117C5 /* CalculatorUITestsLaunchTests.swift */ = {isa = PBXFileReference; lastKnownFileType = sourcecode.swift; path = CalculatorUITestsLaunchTests.swift; sourceTree = "<group>"; };
/* End PBXFileReference section */

/* Begin PBXFrameworksBuildPhase section */
		ACE07F4F2A56EAC1008117C5 /* Frameworks */ = {
			isa = PBXFrameworksBuildPhase;
			buildActionMask = 2147483647;
			files = (
			);
			runOnlyForDeploymentPostprocessing = 0;
		};
		ACE07F652A56EAC4008117C5 /* Frameworks */ = {
			isa = PBXFrameworksBuildPhase;
			buildActionMask = 2147483647;
			files = (
			);
			runOnlyForDeploymentPostprocessing = 0;
		};
		ACE07F6F2A56EAC4008117C5 /* Frameworks */ = {
			isa = PBXFrameworksBuildPhase;
			buildActionMask = 2147483647;
			files = (
			);
			runOnlyForDeploymentPostprocessing = 0;
		};
/* End PBXFrameworksBuildPhase section */

/* Begin PBXGroup section */
		AC6F83D82A6D8AE6008A876E /* Models */ = {
			isa = PBXGroup;
			children = (
				AC6F83D92A6D8B26008A876E /* Operation.swift */,
			);
			path = Models;
			sourceTree = "<group>";
		};
		AC6F83DB2A6D8C5E008A876E /* UIComponents */ = {
			isa = PBXGroup;
			children = (
				AC6F83DC2A6D8C83008A876E /* CustomButton.swift */,
			);
			path = UIComponents;
			sourceTree = "<group>";
		};
		ACE07F492A56EAC1008117C5 = {
			isa = PBXGroup;
			children = (
				ACB6C43A2A62AADD00BB19BD /* .gitignore */,
				ACE07F542A56EAC1008117C5 /* Calculator */,
				ACE07F6B2A56EAC4008117C5 /* CalculatorTests */,
				ACE07F752A56EAC4008117C5 /* CalculatorUITests */,
				ACE07F532A56EAC1008117C5 /* Products */,
			);
			sourceTree = "<group>";
		};
		ACE07F532A56EAC1008117C5 /* Products */ = {
			isa = PBXGroup;
			children = (
				ACE07F522A56EAC1008117C5 /* Calculator.app */,
				ACE07F682A56EAC4008117C5 /* CalculatorTests.xctest */,
				ACE07F722A56EAC4008117C5 /* CalculatorUITests.xctest */,
			);
			name = Products;
			sourceTree = "<group>";
		};
		ACE07F542A56EAC1008117C5 /* Calculator */ = {
			isa = PBXGroup;
			children = (
				AC6F83DB2A6D8C5E008A876E /* UIComponents */,
				AC6F83D82A6D8AE6008A876E /* Models */,
				ACE07F552A56EAC1008117C5 /* AppDelegate.swift */,
				ACE07F572A56EAC1008117C5 /* SceneDelegate.swift */,
				ACE07F592A56EAC1008117C5 /* ViewController.swift */,
				ACE07F5B2A56EAC1008117C5 /* Main.storyboard */,
				ACE07F5E2A56EAC3008117C5 /* Assets.xcassets */,
				ACE07F602A56EAC3008117C5 /* LaunchScreen.storyboard */,
				ACE07F632A56EAC3008117C5 /* Info.plist */,
			);
			path = Calculator;
			sourceTree = "<group>";
		};
		ACE07F6B2A56EAC4008117C5 /* CalculatorTests */ = {
			isa = PBXGroup;
			children = (
				ACE07F6C2A56EAC4008117C5 /* CalculatorTests.swift */,
			);
			path = CalculatorTests;
			sourceTree = "<group>";
		};
		ACE07F752A56EAC4008117C5 /* CalculatorUITests */ = {
			isa = PBXGroup;
			children = (
				ACE07F762A56EAC4008117C5 /* CalculatorUITests.swift */,
				ACE07F782A56EAC4008117C5 /* CalculatorUITestsLaunchTests.swift */,
			);
			path = CalculatorUITests;
			sourceTree = "<group>";
		};
/* End PBXGroup section */

/* Begin PBXNativeTarget section */
		ACE07F512A56EAC1008117C5 /* Calculator */ = {
			isa = PBXNativeTarget;
			buildConfigurationList = ACE07F7C2A56EAC4008117C5 /* Build configuration list for PBXNativeTarget "Calculator" */;
			buildPhases = (
				ACE07F4E2A56EAC1008117C5 /* Sources */,
				ACE07F4F2A56EAC1008117C5 /* Frameworks */,
				ACE07F502A56EAC1008117C5 /* Resources */,
			);
			buildRules = (
			);
			dependencies = (
			);
			name = Calculator;
			productName = Calculator;
			productReference = ACE07F522A56EAC1008117C5 /* Calculator.app */;
			productType = "com.apple.product-type.application";
		};
		ACE07F672A56EAC4008117C5 /* CalculatorTests */ = {
			isa = PBXNativeTarget;
			buildConfigurationList = ACE07F7F2A56EAC4008117C5 /* Build configuration list for PBXNativeTarget "CalculatorTests" */;
			buildPhases = (
				ACE07F642A56EAC4008117C5 /* Sources */,
				ACE07F652A56EAC4008117C5 /* Frameworks */,
				ACE07F662A56EAC4008117C5 /* Resources */,
			);
			buildRules = (
			);
			dependencies = (
				ACE07F6A2A56EAC4008117C5 /* PBXTargetDependency */,
			);
			name = CalculatorTests;
			productName = CalculatorTests;
			productReference = ACE07F682A56EAC4008117C5 /* CalculatorTests.xctest */;
			productType = "com.apple.product-type.bundle.unit-test";
		};
		ACE07F712A56EAC4008117C5 /* CalculatorUITests */ = {
			isa = PBXNativeTarget;
			buildConfigurationList = ACE07F822A56EAC4008117C5 /* Build configuration list for PBXNativeTarget "CalculatorUITests" */;
			buildPhases = (
				ACE07F6E2A56EAC4008117C5 /* Sources */,
				ACE07F6F2A56EAC4008117C5 /* Frameworks */,
				ACE07F702A56EAC4008117C5 /* Resources */,
			);
			buildRules = (
			);
			dependencies = (
				ACE07F742A56EAC4008117C5 /* PBXTargetDependency */,
			);
			name = CalculatorUITests;
			productName = CalculatorUITests;
			productReference = ACE07F722A56EAC4008117C5 /* CalculatorUITests.xctest */;
			productType = "com.apple.product-type.bundle.ui-testing";
		};
/* End PBXNativeTarget section */

/* Begin PBXProject section */
		ACE07F4A2A56EAC1008117C5 /* Project object */ = {
			isa = PBXProject;
			attributes = {
				BuildIndependentTargetsInParallel = 1;
				LastSwiftUpdateCheck = 1410;
				LastUpgradeCheck = 1410;
				TargetAttributes = {
					ACE07F512A56EAC1008117C5 = {
						CreatedOnToolsVersion = 14.1;
					};
					ACE07F672A56EAC4008117C5 = {
						CreatedOnToolsVersion = 14.1;
						TestTargetID = ACE07F512A56EAC1008117C5;
					};
					ACE07F712A56EAC4008117C5 = {
						CreatedOnToolsVersion = 14.1;
						TestTargetID = ACE07F512A56EAC1008117C5;
					};
				};
			};
			buildConfigurationList = ACE07F4D2A56EAC1008117C5 /* Build configuration list for PBXProject "Calculator" */;
			compatibilityVersion = "Xcode 14.0";
			developmentRegion = en;
			hasScannedForEncodings = 0;
			knownRegions = (
				en,
				Base,
			);
			mainGroup = ACE07F492A56EAC1008117C5;
			productRefGroup = ACE07F532A56EAC1008117C5 /* Products */;
			projectDirPath = "";
			projectRoot = "";
			targets = (
				ACE07F512A56EAC1008117C5 /* Calculator */,
				ACE07F672A56EAC4008117C5 /* CalculatorTests */,
				ACE07F712A56EAC4008117C5 /* CalculatorUITests */,
			);
		};
/* End PBXProject section */

/* Begin PBXResourcesBuildPhase section */
		ACE07F502A56EAC1008117C5 /* Resources */ = {
			isa = PBXResourcesBuildPhase;
			buildActionMask = 2147483647;
			files = (
				ACB6C43B2A62AADD00BB19BD /* .gitignore in Resources */,
				ACE07F622A56EAC3008117C5 /* LaunchScreen.storyboard in Resources */,
				ACE07F5F2A56EAC3008117C5 /* Assets.xcassets in Resources */,
				ACE07F5D2A56EAC1008117C5 /* Main.storyboard in Resources */,
			);
			runOnlyForDeploymentPostprocessing = 0;
		};
		ACE07F662A56EAC4008117C5 /* Resources */ = {
			isa = PBXResourcesBuildPhase;
			buildActionMask = 2147483647;
			files = (
			);
			runOnlyForDeploymentPostprocessing = 0;
		};
		ACE07F702A56EAC4008117C5 /* Resources */ = {
			isa = PBXResourcesBuildPhase;
			buildActionMask = 2147483647;
			files = (
			);
			runOnlyForDeploymentPostprocessing = 0;
		};
/* End PBXResourcesBuildPhase section */

/* Begin PBXSourcesBuildPhase section */
		ACE07F4E2A56EAC1008117C5 /* Sources */ = {
			isa = PBXSourcesBuildPhase;
			buildActionMask = 2147483647;
			files = (
				ACE07F5A2A56EAC1008117C5 /* ViewController.swift in Sources */,
				ACE07F562A56EAC1008117C5 /* AppDelegate.swift in Sources */,
				ACE07F582A56EAC1008117C5 /* SceneDelegate.swift in Sources */,
				AC6F83DA2A6D8B26008A876E /* Operation.swift in Sources */,
				AC6F83DD2A6D8C83008A876E /* CustomButton.swift in Sources */,
			);
			runOnlyForDeploymentPostprocessing = 0;
		};
		ACE07F642A56EAC4008117C5 /* Sources */ = {
			isa = PBXSourcesBuildPhase;
			buildActionMask = 2147483647;
			files = (
				ACE07F6D2A56EAC4008117C5 /* CalculatorTests.swift in Sources */,
			);
			runOnlyForDeploymentPostprocessing = 0;
		};
		ACE07F6E2A56EAC4008117C5 /* Sources */ = {
			isa = PBXSourcesBuildPhase;
			buildActionMask = 2147483647;
			files = (
				ACE07F792A56EAC4008117C5 /* CalculatorUITestsLaunchTests.swift in Sources */,
				ACE07F772A56EAC4008117C5 /* CalculatorUITests.swift in Sources */,
			);
			runOnlyForDeploymentPostprocessing = 0;
		};
/* End PBXSourcesBuildPhase section */

/* Begin PBXTargetDependency section */
		ACE07F6A2A56EAC4008117C5 /* PBXTargetDependency */ = {
			isa = PBXTargetDependency;
			target = ACE07F512A56EAC1008117C5 /* Calculator */;
			targetProxy = ACE07F692A56EAC4008117C5 /* PBXContainerItemProxy */;
		};
		ACE07F742A56EAC4008117C5 /* PBXTargetDependency */ = {
			isa = PBXTargetDependency;
			target = ACE07F512A56EAC1008117C5 /* Calculator */;
			targetProxy = ACE07F732A56EAC4008117C5 /* PBXContainerItemProxy */;
		};
/* End PBXTargetDependency section */

/* Begin PBXVariantGroup section */
		ACE07F5B2A56EAC1008117C5 /* Main.storyboard */ = {
			isa = PBXVariantGroup;
			children = (
				ACE07F5C2A56EAC1008117C5 /* Base */,
			);
			name = Main.storyboard;
			sourceTree = "<group>";
		};
		ACE07F602A56EAC3008117C5 /* LaunchScreen.storyboard */ = {
			isa = PBXVariantGroup;
			children = (
				ACE07F612A56EAC3008117C5 /* Base */,
			);
			name = LaunchScreen.storyboard;
			sourceTree = "<group>";
		};
/* End PBXVariantGroup section */

/* Begin XCBuildConfiguration section */
		ACE07F7A2A56EAC4008117C5 /* Debug */ = {
			isa = XCBuildConfiguration;
			buildSettings = {
				ALWAYS_SEARCH_USER_PATHS = NO;
				CLANG_ANALYZER_NONNULL = YES;
				CLANG_ANALYZER_NUMBER_OBJECT_CONVERSION = YES_AGGRESSIVE;
				CLANG_CXX_LANGUAGE_STANDARD = "gnu++20";
				CLANG_ENABLE_MODULES = YES;
				CLANG_ENABLE_OBJC_ARC = YES;
				CLANG_ENABLE_OBJC_WEAK = YES;
				CLANG_WARN_BLOCK_CAPTURE_AUTORELEASING = YES;
				CLANG_WARN_BOOL_CONVERSION = YES;
				CLANG_WARN_COMMA = YES;
				CLANG_WARN_CONSTANT_CONVERSION = YES;
				CLANG_WARN_DEPRECATED_OBJC_IMPLEMENTATIONS = YES;
				CLANG_WARN_DIRECT_OBJC_ISA_USAGE = YES_ERROR;
				CLANG_WARN_DOCUMENTATION_COMMENTS = YES;
				CLANG_WARN_EMPTY_BODY = YES;
				CLANG_WARN_ENUM_CONVERSION = YES;
				CLANG_WARN_INFINITE_RECURSION = YES;
				CLANG_WARN_INT_CONVERSION = YES;
				CLANG_WARN_NON_LITERAL_NULL_CONVERSION = YES;
				CLANG_WARN_OBJC_IMPLICIT_RETAIN_SELF = YES;
				CLANG_WARN_OBJC_LITERAL_CONVERSION = YES;
				CLANG_WARN_OBJC_ROOT_CLASS = YES_ERROR;
				CLANG_WARN_QUOTED_INCLUDE_IN_FRAMEWORK_HEADER = YES;
				CLANG_WARN_RANGE_LOOP_ANALYSIS = YES;
				CLANG_WARN_STRICT_PROTOTYPES = YES;
				CLANG_WARN_SUSPICIOUS_MOVE = YES;
				CLANG_WARN_UNGUARDED_AVAILABILITY = YES_AGGRESSIVE;
				CLANG_WARN_UNREACHABLE_CODE = YES;
				CLANG_WARN__DUPLICATE_METHOD_MATCH = YES;
				COPY_PHASE_STRIP = NO;
				DEBUG_INFORMATION_FORMAT = dwarf;
				ENABLE_STRICT_OBJC_MSGSEND = YES;
				ENABLE_TESTABILITY = YES;
				GCC_C_LANGUAGE_STANDARD = gnu11;
				GCC_DYNAMIC_NO_PIC = NO;
				GCC_NO_COMMON_BLOCKS = YES;
				GCC_OPTIMIZATION_LEVEL = 0;
				GCC_PREPROCESSOR_DEFINITIONS = (
					"DEBUG=1",
					"$(inherited)",
				);
				GCC_WARN_64_TO_32_BIT_CONVERSION = YES;
				GCC_WARN_ABOUT_RETURN_TYPE = YES_ERROR;
				GCC_WARN_UNDECLARED_SELECTOR = YES;
				GCC_WARN_UNINITIALIZED_AUTOS = YES_AGGRESSIVE;
				GCC_WARN_UNUSED_FUNCTION = YES;
				GCC_WARN_UNUSED_VARIABLE = YES;
				IPHONEOS_DEPLOYMENT_TARGET = 16.1;
				MTL_ENABLE_DEBUG_INFO = INCLUDE_SOURCE;
				MTL_FAST_MATH = YES;
				ONLY_ACTIVE_ARCH = YES;
				SDKROOT = iphoneos;
				SWIFT_ACTIVE_COMPILATION_CONDITIONS = DEBUG;
				SWIFT_OPTIMIZATION_LEVEL = "-Onone";
			};
			name = Debug;
		};
		ACE07F7B2A56EAC4008117C5 /* Release */ = {
			isa = XCBuildConfiguration;
			buildSettings = {
				ALWAYS_SEARCH_USER_PATHS = NO;
				CLANG_ANALYZER_NONNULL = YES;
				CLANG_ANALYZER_NUMBER_OBJECT_CONVERSION = YES_AGGRESSIVE;
				CLANG_CXX_LANGUAGE_STANDARD = "gnu++20";
				CLANG_ENABLE_MODULES = YES;
				CLANG_ENABLE_OBJC_ARC = YES;
				CLANG_ENABLE_OBJC_WEAK = YES;
				CLANG_WARN_BLOCK_CAPTURE_AUTORELEASING = YES;
				CLANG_WARN_BOOL_CONVERSION = YES;
				CLANG_WARN_COMMA = YES;
				CLANG_WARN_CONSTANT_CONVERSION = YES;
				CLANG_WARN_DEPRECATED_OBJC_IMPLEMENTATIONS = YES;
				CLANG_WARN_DIRECT_OBJC_ISA_USAGE = YES_ERROR;
				CLANG_WARN_DOCUMENTATION_COMMENTS = YES;
				CLANG_WARN_EMPTY_BODY = YES;
				CLANG_WARN_ENUM_CONVERSION = YES;
				CLANG_WARN_INFINITE_RECURSION = YES;
				CLANG_WARN_INT_CONVERSION = YES;
				CLANG_WARN_NON_LITERAL_NULL_CONVERSION = YES;
				CLANG_WARN_OBJC_IMPLICIT_RETAIN_SELF = YES;
				CLANG_WARN_OBJC_LITERAL_CONVERSION = YES;
				CLANG_WARN_OBJC_ROOT_CLASS = YES_ERROR;
				CLANG_WARN_QUOTED_INCLUDE_IN_FRAMEWORK_HEADER = YES;
				CLANG_WARN_RANGE_LOOP_ANALYSIS = YES;
				CLANG_WARN_STRICT_PROTOTYPES = YES;
				CLANG_WARN_SUSPICIOUS_MOVE = YES;
				CLANG_WARN_UNGUARDED_AVAILABILITY = YES_AGGRESSIVE;
				CLANG_WARN_UNREACHABLE_CODE = YES;
				CLANG_WARN__DUPLICATE_METHOD_MATCH = YES;
				COPY_PHASE_STRIP = NO;
				DEBUG_INFORMATION_FORMAT = "dwarf-with-dsym";
				ENABLE_NS_ASSERTIONS = NO;
				ENABLE_STRICT_OBJC_MSGSEND = YES;
				GCC_C_LANGUAGE_STANDARD = gnu11;
				GCC_NO_COMMON_BLOCKS = YES;
				GCC_WARN_64_TO_32_BIT_CONVERSION = YES;
				GCC_WARN_ABOUT_RETURN_TYPE = YES_ERROR;
				GCC_WARN_UNDECLARED_SELECTOR = YES;
				GCC_WARN_UNINITIALIZED_AUTOS = YES_AGGRESSIVE;
				GCC_WARN_UNUSED_FUNCTION = YES;
				GCC_WARN_UNUSED_VARIABLE = YES;
				IPHONEOS_DEPLOYMENT_TARGET = 16.1;
				MTL_ENABLE_DEBUG_INFO = NO;
				MTL_FAST_MATH = YES;
				SDKROOT = iphoneos;
				SWIFT_COMPILATION_MODE = wholemodule;
				SWIFT_OPTIMIZATION_LEVEL = "-O";
				VALIDATE_PRODUCT = YES;
			};
			name = Release;
		};
		ACE07F7D2A56EAC4008117C5 /* Debug */ = {
			isa = XCBuildConfiguration;
			buildSettings = {
				ASSETCATALOG_COMPILER_APPICON_NAME = AppIcon;
				ASSETCATALOG_COMPILER_GLOBAL_ACCENT_COLOR_NAME = AccentColor;
				CODE_SIGN_STYLE = Automatic;
				CURRENT_PROJECT_VERSION = 1;
				DEVELOPMENT_TEAM = S597543FQ7;
				GENERATE_INFOPLIST_FILE = YES;
				INFOPLIST_FILE = Calculator/Info.plist;
				INFOPLIST_KEY_UIApplicationSupportsIndirectInputEvents = YES;
				INFOPLIST_KEY_UILaunchStoryboardName = LaunchScreen;
				INFOPLIST_KEY_UIMainStoryboardFile = Main;
				INFOPLIST_KEY_UISupportedInterfaceOrientations_iPad = "UIInterfaceOrientationPortrait UIInterfaceOrientationPortraitUpsideDown UIInterfaceOrientationLandscapeLeft UIInterfaceOrientationLandscapeRight";
				INFOPLIST_KEY_UISupportedInterfaceOrientations_iPhone = "UIInterfaceOrientationPortrait UIInterfaceOrientationLandscapeLeft UIInterfaceOrientationLandscapeRight";
				LD_RUNPATH_SEARCH_PATHS = (
					"$(inherited)",
					"@executable_path/Frameworks",
				);
				MARKETING_VERSION = 1.0;
				PRODUCT_BUNDLE_IDENTIFIER = com..Calculator;
				PRODUCT_NAME = "$(TARGET_NAME)";
				SWIFT_EMIT_LOC_STRINGS = YES;
				SWIFT_VERSION = 5.0;
				TARGETED_DEVICE_FAMILY = "1,2";
			};
			name = Debug;
		};
		ACE07F7E2A56EAC4008117C5 /* Release */ = {
			isa = XCBuildConfiguration;
			buildSettings = {
				ASSETCATALOG_COMPILER_APPICON_NAME = AppIcon;
				ASSETCATALOG_COMPILER_GLOBAL_ACCENT_COLOR_NAME = AccentColor;
				CODE_SIGN_STYLE = Automatic;
				CURRENT_PROJECT_VERSION = 1;
				DEVELOPMENT_TEAM = S597543FQ7;
				GENERATE_INFOPLIST_FILE = YES;
				INFOPLIST_FILE = Calculator/Info.plist;
				INFOPLIST_KEY_UIApplicationSupportsIndirectInputEvents = YES;
				INFOPLIST_KEY_UILaunchStoryboardName = LaunchScreen;
				INFOPLIST_KEY_UIMainStoryboardFile = Main;
				INFOPLIST_KEY_UISupportedInterfaceOrientations_iPad = "UIInterfaceOrientationPortrait UIInterfaceOrientationPortraitUpsideDown UIInterfaceOrientationLandscapeLeft UIInterfaceOrientationLandscapeRight";
				INFOPLIST_KEY_UISupportedInterfaceOrientations_iPhone = "UIInterfaceOrientationPortrait UIInterfaceOrientationLandscapeLeft UIInterfaceOrientationLandscapeRight";
				LD_RUNPATH_SEARCH_PATHS = (
					"$(inherited)",
					"@executable_path/Frameworks",
				);
				MARKETING_VERSION = 1.0;
				PRODUCT_BUNDLE_IDENTIFIER = com..Calculator;
				PRODUCT_NAME = "$(TARGET_NAME)";
				SWIFT_EMIT_LOC_STRINGS = YES;
				SWIFT_VERSION = 5.0;
				TARGETED_DEVICE_FAMILY = "1,2";
			};
			name = Release;
		};
		ACE07F802A56EAC4008117C5 /* Debug */ = {
			isa = XCBuildConfiguration;
			buildSettings = {
				ALWAYS_EMBED_SWIFT_STANDARD_LIBRARIES = YES;
				BUNDLE_LOADER = "$(TEST_HOST)";
				CODE_SIGN_STYLE = Automatic;
				CURRENT_PROJECT_VERSION = 1;
				DEVELOPMENT_TEAM = S597543FQ7;
				GENERATE_INFOPLIST_FILE = YES;
				IPHONEOS_DEPLOYMENT_TARGET = 16.1;
				MARKETING_VERSION = 1.0;
				PRODUCT_BUNDLE_IDENTIFIER = com..CalculatorTests;
				PRODUCT_NAME = "$(TARGET_NAME)";
				SWIFT_EMIT_LOC_STRINGS = NO;
				SWIFT_VERSION = 5.0;
				TARGETED_DEVICE_FAMILY = "1,2";
				TEST_HOST = "$(BUILT_PRODUCTS_DIR)/Calculator.app/$(BUNDLE_EXECUTABLE_FOLDER_PATH)/Calculator";
			};
			name = Debug;
		};
		ACE07F812A56EAC4008117C5 /* Release */ = {
			isa = XCBuildConfiguration;
			buildSettings = {
				ALWAYS_EMBED_SWIFT_STANDARD_LIBRARIES = YES;
				BUNDLE_LOADER = "$(TEST_HOST)";
				CODE_SIGN_STYLE = Automatic;
				CURRENT_PROJECT_VERSION = 1;
				DEVELOPMENT_TEAM = S597543FQ7;
				GENERATE_INFOPLIST_FILE = YES;
				IPHONEOS_DEPLOYMENT_TARGET = 16.1;
				MARKETING_VERSION = 1.0;
				PRODUCT_BUNDLE_IDENTIFIER = com..CalculatorTests;
				PRODUCT_NAME = "$(TARGET_NAME)";
				SWIFT_EMIT_LOC_STRINGS = NO;
				SWIFT_VERSION = 5.0;
				TARGETED_DEVICE_FAMILY = "1,2";
				TEST_HOST = "$(BUILT_PRODUCTS_DIR)/Calculator.app/$(BUNDLE_EXECUTABLE_FOLDER_PATH)/Calculator";
			};
			name = Release;
		};
		ACE07F832A56EAC4008117C5 /* Debug */ = {
			isa = XCBuildConfiguration;
			buildSettings = {
				ALWAYS_EMBED_SWIFT_STANDARD_LIBRARIES = YES;
				CODE_SIGN_STYLE = Automatic;
				CURRENT_PROJECT_VERSION = 1;
				DEVELOPMENT_TEAM = S597543FQ7;
				GENERATE_INFOPLIST_FILE = YES;
				MARKETING_VERSION = 1.0;
				PRODUCT_BUNDLE_IDENTIFIER = com..CalculatorUITests;
				PRODUCT_NAME = "$(TARGET_NAME)";
				SWIFT_EMIT_LOC_STRINGS = NO;
				SWIFT_VERSION = 5.0;
				TARGETED_DEVICE_FAMILY = "1,2";
				TEST_TARGET_NAME = Calculator;
			};
			name = Debug;
		};
		ACE07F842A56EAC4008117C5 /* Release */ = {
			isa = XCBuildConfiguration;
			buildSettings = {
				ALWAYS_EMBED_SWIFT_STANDARD_LIBRARIES = YES;
				CODE_SIGN_STYLE = Automatic;
				CURRENT_PROJECT_VERSION = 1;
				DEVELOPMENT_TEAM = S597543FQ7;
				GENERATE_INFOPLIST_FILE = YES;
				MARKETING_VERSION = 1.0;
				PRODUCT_BUNDLE_IDENTIFIER = com..CalculatorUITests;
				PRODUCT_NAME = "$(TARGET_NAME)";
				SWIFT_EMIT_LOC_STRINGS = NO;
				SWIFT_VERSION = 5.0;
				TARGETED_DEVICE_FAMILY = "1,2";
				TEST_TARGET_NAME = Calculator;
			};
			name = Release;
		};
/* End XCBuildConfiguration section */

/* Begin XCConfigurationList section */
		ACE07F4D2A56EAC1008117C5 /* Build configuration list for PBXProject "Calculator" */ = {
			isa = XCConfigurationList;
			buildConfigurations = (
				ACE07F7A2A56EAC4008117C5 /* Debug */,
				ACE07F7B2A56EAC4008117C5 /* Release */,
			);
			defaultConfigurationIsVisible = 0;
			defaultConfigurationName = Release;
		};
		ACE07F7C2A56EAC4008117C5 /* Build configuration list for PBXNativeTarget "Calculator" */ = {
			isa = XCConfigurationList;
			buildConfigurations = (
				ACE07F7D2A56EAC4008117C5 /* Debug */,
				ACE07F7E2A56EAC4008117C5 /* Release */,
			);
			defaultConfigurationIsVisible = 0;
			defaultConfigurationName = Release;
		};
		ACE07F7F2A56EAC4008117C5 /* Build configuration list for PBXNativeTarget "CalculatorTests" */ = {
			isa = XCConfigurationList;
			buildConfigurations = (
				ACE07F802A56EAC4008117C5 /* Debug */,
				ACE07F812A56EAC4008117C5 /* Release */,
			);
			defaultConfigurationIsVisible = 0;
			defaultConfigurationName = Release;
		};
		ACE07F822A56EAC4008117C5 /* Build configuration list for PBXNativeTarget "CalculatorUITests" */ = {
			isa = XCConfigurationList;
			buildConfigurations = (
				ACE07F832A56EAC4008117C5 /* Debug */,
				ACE07F842A56EAC4008117C5 /* Release */,
			);
			defaultConfigurationIsVisible = 0;
			defaultConfigurationName = Release;
		};
/* End XCConfigurationList section */
	};
	rootObject = ACE07F4A2A56EAC1008117C5 /* Project object */;
}
